
Microsoft Visual Studio Solution File, Format Version 12.00
# Visual Studio 2012
Project("{FAE04EC0-301F-11D3-BF4B-00C04F79EFBC}") = "StarCheckersMobile.iOS", "StarCheckersMobile\StarCheckersMobile.iOS\StarCheckersMobile.iOS.csproj", "{13946F57-DEEB-4989-9A47-2FFA6BA7F1CE}"
EndProject
Project("{FAE04EC0-301F-11D3-BF4B-00C04F79EFBC}") = "StarCheckersMobile.Android", "StarCheckersMobile\StarCheckersMobile.Android\StarCheckersMobile.Android.csproj", "{F0202A98-8AE8-46EB-94C8-B4611BCBBC12}"
EndProject
Project("{FAE04EC0-301F-11D3-BF4B-00C04F79EFBC}") = "StarCheckersMobile.Common", "StarCheckersMobile\StarCheckersMobile.Common\StarCheckersMobile.Common.csproj", "{8C03CEC9-BF15-48DE-8D8E-CAA8BFC1EA79}"
EndProject
Global
	GlobalSection(SolutionConfigurationPlatforms) = preSolution
		Debug|iPhoneSimulator = Debug|iPhoneSimulator
		Release|iPhone = Release|iPhone
		Release|iPhoneSimulator = Release|iPhoneSimulator
		Debug|iPhone = Debug|iPhone
		Debug|Any CPU = Debug|Any CPU
		Release|Any CPU = Release|Any CPU
	EndGlobalSection
	GlobalSection(ProjectConfigurationPlatforms) = postSolution
		{13946F57-DEEB-4989-9A47-2FFA6BA7F1CE}.Debug|Any CPU.ActiveCfg = Debug|iPhoneSimulator
		{13946F57-DEEB-4989-9A47-2FFA6BA7F1CE}.Debug|Any CPU.Build.0 = Debug|iPhoneSimulator
		{13946F57-DEEB-4989-9A47-2FFA6BA7F1CE}.Debug|iPhone.ActiveCfg = Debug|iPhone
		{13946F57-DEEB-4989-9A47-2FFA6BA7F1CE}.Debug|iPhone.Build.0 = Debug|iPhone
		{13946F57-DEEB-4989-9A47-2FFA6BA7F1CE}.Debug|iPhoneSimulator.ActiveCfg = Debug|iPhoneSimulator
		{13946F57-DEEB-4989-9A47-2FFA6BA7F1CE}.Debug|iPhoneSimulator.Build.0 = Debug|iPhoneSimulator
		{13946F57-DEEB-4989-9A47-2FFA6BA7F1CE}.Release|Any CPU.ActiveCfg = Release|iPhone
		{13946F57-DEEB-4989-9A47-2FFA6BA7F1CE}.Release|Any CPU.Build.0 = Release|iPhone
		{13946F57-DEEB-4989-9A47-2FFA6BA7F1CE}.Release|iPhone.ActiveCfg = Release|iPhone
		{13946F57-DEEB-4989-9A47-2FFA6BA7F1CE}.Release|iPhone.Build.0 = Release|iPhone
		{13946F57-DEEB-4989-9A47-2FFA6BA7F1CE}.Release|iPhoneSimulator.ActiveCfg = Release|iPhoneSimulator
		{13946F57-DEEB-4989-9A47-2FFA6BA7F1CE}.Release|iPhoneSimulator.Build.0 = Release|iPhoneSimulator
		{8C03CEC9-BF15-48DE-8D8E-CAA8BFC1EA79}.Debug|Any CPU.ActiveCfg = Debug|Any CPU
		{8C03CEC9-BF15-48DE-8D8E-CAA8BFC1EA79}.Debug|Any CPU.Build.0 = Debug|Any CPU
		{8C03CEC9-BF15-48DE-8D8E-CAA8BFC1EA79}.Debug|iPhone.ActiveCfg = Debug|Any CPU
		{8C03CEC9-BF15-48DE-8D8E-CAA8BFC1EA79}.Debug|iPhone.Build.0 = Debug|Any CPU
		{8C03CEC9-BF15-48DE-8D8E-CAA8BFC1EA79}.Debug|iPhoneSimulator.ActiveCfg = Debug|Any CPU
		{8C03CEC9-BF15-48DE-8D8E-CAA8BFC1EA79}.Debug|iPhoneSimulator.Build.0 = Debug|Any CPU
		{8C03CEC9-BF15-48DE-8D8E-CAA8BFC1EA79}.Release|Any CPU.ActiveCfg = Release|Any CPU
		{8C03CEC9-BF15-48DE-8D8E-CAA8BFC1EA79}.Release|Any CPU.Build.0 = Release|Any CPU
		{8C03CEC9-BF15-48DE-8D8E-CAA8BFC1EA79}.Release|iPhone.ActiveCfg = Release|Any CPU
		{8C03CEC9-BF15-48DE-8D8E-CAA8BFC1EA79}.Release|iPhone.Build.0 = Release|Any CPU
		{8C03CEC9-BF15-48DE-8D8E-CAA8BFC1EA79}.Release|iPhoneSimulator.ActiveCfg = Release|Any CPU
		{8C03CEC9-BF15-48DE-8D8E-CAA8BFC1EA79}.Release|iPhoneSimulator.Build.0 = Release|Any CPU
		{F0202A98-8AE8-46EB-94C8-B4611BCBBC12}.Debug|Any CPU.ActiveCfg = Debug|Any CPU
		{F0202A98-8AE8-46EB-94C8-B4611BCBBC12}.Debug|Any CPU.Build.0 = Debug|Any CPU
		{F0202A98-8AE8-46EB-94C8-B4611BCBBC12}.Debug|iPhone.ActiveCfg = Debug|Any CPU
		{F0202A98-8AE8-46EB-94C8-B4611BCBBC12}.Debug|iPhone.Build.0 = Debug|Any CPU
		{F0202A98-8AE8-46EB-94C8-B4611BCBBC12}.Debug|iPhoneSimulator.ActiveCfg = Debug|Any CPU
		{F0202A98-8AE8-46EB-94C8-B4611BCBBC12}.Debug|iPhoneSimulator.Build.0 = Debug|Any CPU
		{F0202A98-8AE8-46EB-94C8-B4611BCBBC12}.Release|Any CPU.ActiveCfg = Release|Any CPU
		{F0202A98-8AE8-46EB-94C8-B4611BCBBC12}.Release|Any CPU.Build.0 = Release|Any CPU
		{F0202A98-8AE8-46EB-94C8-B4611BCBBC12}.Release|iPhone.ActiveCfg = Release|Any CPU
		{F0202A98-8AE8-46EB-94C8-B4611BCBBC12}.Release|iPhone.Build.0 = Release|Any CPU
		{F0202A98-8AE8-46EB-94C8-B4611BCBBC12}.Release|iPhoneSimulator.ActiveCfg = Release|Any CPU
		{F0202A98-8AE8-46EB-94C8-B4611BCBBC12}.Release|iPhoneSimulator.Build.0 = Release|Any CPU
	EndGlobalSection
EndGlobal
